{
  "R": {
    "Version": "4.4.1",
    "Repositories": [
      {
        "Name": "gh-pkg-mirror",
        "URL": "https://gh-pkg-mirror"
      },
      {
        "Name": "cran-binary",
        "URL": "https://cran-binary"
      }
    ]
  },
  "Packages": {
    "Matrix": {
      "Package": "Matrix",
      "Version": "1.7-0",
      "Source": "Repository",
      "Repository": "CRAN",
      "Requirements": [
        "R",
        "grDevices",
        "graphics",
        "grid",
        "lattice",
        "methods",
        "stats",
        "utils"
      ]
    },
    "R6": {
      "Package": "R6",
      "Version": "2.5.0",
      "Source": "Repository",
      "Repository": "cran-binary",
      "Hash": "470851b6d5d0ac559e9d01bb352b4021"
    },
    "ghqc": {
      "Package": "ghqc",
      "Version": "0.3.2",
      "Source": "GitHub",
      "RemoteType": "github",
      "RemoteHost": "api.github.com",
      "RemoteRepo": "ghqc",
      "RemoteUsername": "a2-ai",
      "RemoteSha": "55c23eb6a444542dab742d3d37c7b65af7b12e38",
      "Requirements": [
        "R",
        "cli",
        "fs",
        "glue",
        "httpuv",
        "rlang",
        "rstudioapi",
        "withr",
        "yaml"
      ],
      "Hash": "dcba3cb6539ee3cfce6218049c5016cc"
    },
    "rv.git.pkgA": {
      "Package": "rv.git.pkgA",
      "Version": "0.0.0.9000",
      "Source": "Local",
      "RemoteType": "local",
      "RemoteUrl": "src/tests/renv/rv.git.pkgA_0.0.0.9000.tar.gz",
      "Hash": "39e317a9ec5437bd5ce021ad56da04b6"
    },
    "slurmtools": {
      "Package": "slurmtools",
      "Version": "0.1.2",
      "Source": "Repository",
      "Repository": "gh-pkg-mirror",
      "Requirements": [
        "brio",
        "cli",
        "dplyr",
        "fs",
        "glue"
      ],
      "Hash": "f1e4f6bf3dcef58d3fe9865060f2a8b7"
    },
    "simpar": {
      "Package": "simpar",
      "Version": "0.1.1",
      "Source": "Repository",
      "Repository": "PRISM",
      "Requirements": [
        "arrow",
        "checkmate",
        "digest"
      ],
      "Hash": "b574c1bce8b11eec3b135f7c585a04c7"
    },
    "unknown_pkg": {
      "Package": "unknown_pkg",
      "Version": "0.1.1",
      "Source": "unknown",
      "Hash": "b574c1bce8b11eec3b135f7c585a04c7"
    }
  }
}
